
Microsoft Visual Studio Solution File, Format Version 12.00
# Visual Studio Version 17
VisualStudioVersion = 17.3.32811.315
MinimumVisualStudioVersion = 10.0.40219.1
Project("{FAE04EC0-301F-11D3-BF4B-00C04F79EFBC}") = "MoodAnalyzerProblem", "MoodAnalyzerProblem.csproj", "{38332FE0-AC06-40EB-A125-4A64CC2088E2}"
EndProject
Project("{FAE04EC0-301F-11D3-BF4B-00C04F79EFBC}") = "MoodAnalyzerTest", "..\MoodAnalyzerTest\MoodAnalyzerTest.csproj", "{8FA34D5A-6B5C-487C-86A3-AF5D9EDC88ED}"
EndProject
Global
	GlobalSection(SolutionConfigurationPlatforms) = preSolution
		Debug|Any CPU = Debug|Any CPU
		Release|Any CPU = Release|Any CPU
	EndGlobalSection
	GlobalSection(ProjectConfigurationPlatforms) = postSolution
		{38332FE0-AC06-40EB-A125-4A64CC2088E2}.Debug|Any CPU.ActiveCfg = Debug|Any CPU
		{38332FE0-AC06-40EB-A125-4A64CC2088E2}.Debug|Any CPU.Build.0 = Debug|Any CPU
		{38332FE0-AC06-40EB-A125-4A64CC2088E2}.Release|Any CPU.ActiveCfg = Release|Any CPU
		{38332FE0-AC06-40EB-A125-4A64CC2088E2}.Release|Any CPU.Build.0 = Release|Any CPU
		{8FA34D5A-6B5C-487C-86A3-AF5D9EDC88ED}.Debug|Any CPU.ActiveCfg = Debug|Any CPU
		{8FA34D5A-6B5C-487C-86A3-AF5D9EDC88ED}.Debug|Any CPU.Build.0 = Debug|Any CPU
		{8FA34D5A-6B5C-487C-86A3-AF5D9EDC88ED}.Release|Any CPU.ActiveCfg = Release|Any CPU
		{8FA34D5A-6B5C-487C-86A3-AF5D9EDC88ED}.Release|Any CPU.Build.0 = Release|Any CPU
	EndGlobalSection
	GlobalSection(SolutionProperties) = preSolution
		HideSolutionNode = FALSE
	EndGlobalSection
	GlobalSection(ExtensibilityGlobals) = postSolution
		SolutionGuid = {239B9579-C61B-44F1-B88C-5D1C00198FBA}
	EndGlobalSection
EndGlobal
